
Microsoft Visual Studio Solution File, Format Version 12.00
# Visual Studio Version 17
VisualStudioVersion = 17.2.32630.192
MinimumVisualStudioVersion = 10.0.40219.1
Project("{FAE04EC0-301F-11D3-BF4B-00C04F79EFBC}") = "Vendlism", "Vendlism\Vendlism.csproj", "{A42C31A4-B1A4-440E-B7B2-F418671332ED}"
EndProject
Global
	GlobalSection(SolutionConfigurationPlatforms) = preSolution
		Debug|Any CPU = Debug|Any CPU
		Release|Any CPU = Release|Any CPU
	EndGlobalSection
	GlobalSection(ProjectConfigurationPlatforms) = postSolution
		{A42C31A4-B1A4-440E-B7B2-F418671332ED}.Debug|Any CPU.ActiveCfg = Debug|Any CPU
		{A42C31A4-B1A4-440E-B7B2-F418671332ED}.Debug|Any CPU.Build.0 = Debug|Any CPU
		{A42C31A4-B1A4-440E-B7B2-F418671332ED}.Release|Any CPU.ActiveCfg = Release|Any CPU
		{A42C31A4-B1A4-440E-B7B2-F418671332ED}.Release|Any CPU.Build.0 = Release|Any CPU
	EndGlobalSection
	GlobalSection(SolutionProperties) = preSolution
		HideSolutionNode = FALSE
	EndGlobalSection
	GlobalSection(ExtensibilityGlobals) = postSolution
		SolutionGuid = {FF708FF1-B680-47FF-A0C7-DEE5E247C9C0}
	EndGlobalSection
EndGlobal
